// !$*UTF8*$!
{
	archiveVersion = 1;
	classes = {
	};
	objectVersion = 46;
	objects = {

/* Begin PBXBuildFile section */
		14AD966D1B83313900F69BCA /* main.m in Sources */ = {isa = PBXBuildFile; fileRef = 14AD966C1B83313900F69BCA /* main.m */; };
		14AD96701B83313900F69BCA /* AppDelegate.m in Sources */ = {isa = PBXBuildFile; fileRef = 14AD966F1B83313900F69BCA /* AppDelegate.m */; };
		14AD96731B83313900F69BCA /* Receiver.xcdatamodeld in Sources */ = {isa = PBXBuildFile; fileRef = 14AD96711B83313900F69BCA /* Receiver.xcdatamodeld */; };
		14AD96761B83313900F69BCA /* ViewController.m in Sources */ = {isa = PBXBuildFile; fileRef = 14AD96751B83313900F69BCA /* ViewController.m */; };
		14AD96791B83313900F69BCA /* Main.storyboard in Resources */ = {isa = PBXBuildFile; fileRef = 14AD96771B83313900F69BCA /* Main.storyboard */; };
		14AD967B1B83313900F69BCA /* Images.xcassets in Resources */ = {isa = PBXBuildFile; fileRef = 14AD967A1B83313900F69BCA /* Images.xcassets */; };
		14AD967E1B83313900F69BCA /* LaunchScreen.xib in Resources */ = {isa = PBXBuildFile; fileRef = 14AD967C1B83313900F69BCA /* LaunchScreen.xib */; };
		14AD968A1B83313900F69BCA /* ReceiverTests.m in Sources */ = {isa = PBXBuildFile; fileRef = 14AD96891B83313900F69BCA /* ReceiverTests.m */; };
/* End PBXBuildFile section */

/* Begin PBXContainerItemProxy section */
		14AD96841B83313900F69BCA /* PBXContainerItemProxy */ = {
			isa = PBXContainerItemProxy;
			containerPortal = 14AD965F1B83313900F69BCA /* Project object */;
			proxyType = 1;
			remoteGlobalIDString = 14AD96661B83313900F69BCA;
			remoteInfo = Receiver;
		};
/* End PBXContainerItemProxy section */

/* Begin PBXFileReference section */
		14AD96671B83313900F69BCA /* Receiver.app */ = {isa = PBXFileReference; explicitFileType = wrapper.application; includeInIndex = 0; path = Receiver.app; sourceTree = BUILT_PRODUCTS_DIR; };
		14AD966B1B83313900F69BCA /* Info.plist */ = {isa = PBXFileReference; lastKnownFileType = text.plist.xml; path = Info.plist; sourceTree = "<group>"; };
		14AD966C1B83313900F69BCA /* main.m */ = {isa = PBXFileReference; lastKnownFileType = sourcecode.c.objc; path = main.m; sourceTree = "<group>"; };
		14AD966E1B83313900F69BCA /* AppDelegate.h */ = {isa = PBXFileReference; lastKnownFileType = sourcecode.c.h; path = AppDelegate.h; sourceTree = "<group>"; };
		14AD966F1B83313900F69BCA /* AppDelegate.m */ = {isa = PBXFileReference; lastKnownFileType = sourcecode.c.objc; path = AppDelegate.m; sourceTree = "<group>"; };
		14AD96721B83313900F69BCA /* Receiver.xcdatamodel */ = {isa = PBXFileReference; lastKnownFileType = wrapper.xcdatamodel; path = Receiver.xcdatamodel; sourceTree = "<group>"; };
		14AD96741B83313900F69BCA /* ViewController.h */ = {isa = PBXFileReference; lastKnownFileType = sourcecode.c.h; path = ViewController.h; sourceTree = "<group>"; };
		14AD96751B83313900F69BCA /* ViewController.m */ = {isa = PBXFileReference; lastKnownFileType = sourcecode.c.objc; path = ViewController.m; sourceTree = "<group>"; };
		14AD96781B83313900F69BCA /* Base */ = {isa = PBXFileReference; lastKnownFileType = file.storyboard; name = Base; path = Base.lproj/Main.storyboard; sourceTree = "<group>"; };
		14AD967A1B83313900F69BCA /* Images.xcassets */ = {isa = PBXFileReference; lastKnownFileType = folder.assetcatalog; path = Images.xcassets; sourceTree = "<group>"; };
		14AD967D1B83313900F69BCA /* Base */ = {isa = PBXFileReference; lastKnownFileType = file.xib; name = Base; path = Base.lproj/LaunchScreen.xib; sourceTree = "<group>"; };
		14AD96831B83313900F69BCA /* ReceiverTests.xctest */ = {isa = PBXFileReference; explicitFileType = wrapper.cfbundle; includeInIndex = 0; path = ReceiverTests.xctest; sourceTree = BUILT_PRODUCTS_DIR; };
		14AD96881B83313900F69BCA /* Info.plist */ = {isa = PBXFileReference; lastKnownFileType = text.plist.xml; path = Info.plist; sourceTree = "<group>"; };
		14AD96891B83313900F69BCA /* ReceiverTests.m */ = {isa = PBXFileReference; lastKnownFileType = sourcecode.c.objc; path = ReceiverTests.m; sourceTree = "<group>"; };
/* End PBXFileReference section */

/* Begin PBXFrameworksBuildPhase section */
		14AD96641B83313900F69BCA /* Frameworks */ = {
			isa = PBXFrameworksBuildPhase;
			buildActionMask = 2147483647;
			files = (
			);
			runOnlyForDeploymentPostprocessing = 0;
		};
		14AD96801B83313900F69BCA /* Frameworks */ = {
			isa = PBXFrameworksBuildPhase;
			buildActionMask = 2147483647;
			files = (
			);
			runOnlyForDeploymentPostprocessing = 0;
		};
/* End PBXFrameworksBuildPhase section */

/* Begin PBXGroup section */
		14AD965E1B83313900F69BCA = {
			isa = PBXGroup;
			children = (
				14AD96691B83313900F69BCA /* Receiver */,
				14AD96861B83313900F69BCA /* ReceiverTests */,
				14AD96681B83313900F69BCA /* Products */,
			);
			sourceTree = "<group>";
		};
		14AD96681B83313900F69BCA /* Products */ = {
			isa = PBXGroup;
			children = (
				14AD96671B83313900F69BCA /* Receiver.app */,
				14AD96831B83313900F69BCA /* ReceiverTests.xctest */,
			);
			name = Products;
			sourceTree = "<group>";
		};
		14AD96691B83313900F69BCA /* Receiver */ = {
			isa = PBXGroup;
			children = (
				14AD966E1B83313900F69BCA /* AppDelegate.h */,
				14AD966F1B83313900F69BCA /* AppDelegate.m */,
				14AD96741B83313900F69BCA /* ViewController.h */,
				14AD96751B83313900F69BCA /* ViewController.m */,
				14AD96771B83313900F69BCA /* Main.storyboard */,
				14AD967A1B83313900F69BCA /* Images.xcassets */,
				14AD967C1B83313900F69BCA /* LaunchScreen.xib */,
				14AD96711B83313900F69BCA /* Receiver.xcdatamodeld */,
				14AD966A1B83313900F69BCA /* Supporting Files */,
			);
			path = Receiver;
			sourceTree = "<group>";
		};
		14AD966A1B83313900F69BCA /* Supporting Files */ = {
			isa = PBXGroup;
			children = (
				14AD966B1B83313900F69BCA /* Info.plist */,
				14AD966C1B83313900F69BCA /* main.m */,
			);
			name = "Supporting Files";
			sourceTree = "<group>";
		};
		14AD96861B83313900F69BCA /* ReceiverTests */ = {
			isa = PBXGroup;
			children = (
				14AD96891B83313900F69BCA /* ReceiverTests.m */,
				14AD96871B83313900F69BCA /* Supporting Files */,
			);
			path = ReceiverTests;
			sourceTree = "<group>";
		};
		14AD96871B83313900F69BCA /* Supporting Files */ = {
			isa = PBXGroup;
			children = (
				14AD96881B83313900F69BCA /* Info.plist */,
			);
			name = "Supporting Files";
			sourceTree = "<group>";
		};
/* End PBXGroup section */

/* Begin PBXNativeTarget section */
		14AD96661B83313900F69BCA /* Receiver */ = {
			isa = PBXNativeTarget;
			buildConfigurationList = 14AD968D1B83313900F69BCA /* Build configuration list for PBXNativeTarget "Receiver" */;
			buildPhases = (
				14AD96631B83313900F69BCA /* Sources */,
				14AD96641B83313900F69BCA /* Frameworks */,
				14AD96651B83313900F69BCA /* Resources */,
			);
			buildRules = (
			);
			dependencies = (
			);
			name = Receiver;
			productName = Receiver;
			productReference = 14AD96671B83313900F69BCA /* Receiver.app */;
			productType = "com.apple.product-type.application";
		};
		14AD96821B83313900F69BCA /* ReceiverTests */ = {
			isa = PBXNativeTarget;
			buildConfigurationList = 14AD96901B83313900F69BCA /* Build configuration list for PBXNativeTarget "ReceiverTests" */;
			buildPhases = (
				14AD967F1B83313900F69BCA /* Sources */,
				14AD96801B83313900F69BCA /* Frameworks */,
				14AD96811B83313900F69BCA /* Resources */,
			);
			buildRules = (
			);
			dependencies = (
				14AD96851B83313900F69BCA /* PBXTargetDependency */,
			);
			name = ReceiverTests;
			productName = ReceiverTests;
			productReference = 14AD96831B83313900F69BCA /* ReceiverTests.xctest */;
			productType = "com.apple.product-type.bundle.unit-test";
		};
/* End PBXNativeTarget section */

/* Begin PBXProject section */
		14AD965F1B83313900F69BCA /* Project object */ = {
			isa = PBXProject;
			attributes = {
				LastUpgradeCheck = 0640;
				ORGANIZATIONNAME = "Terry Chia";
				TargetAttributes = {
					14AD96661B83313900F69BCA = {
						CreatedOnToolsVersion = 6.4;
					};
					14AD96821B83313900F69BCA = {
						CreatedOnToolsVersion = 6.4;
						TestTargetID = 14AD96661B83313900F69BCA;
					};
				};
			};
			buildConfigurationList = 14AD96621B83313900F69BCA /* Build configuration list for PBXProject "Receiver" */;
			compatibilityVersion = "Xcode 3.2";
			developmentRegion = English;
			hasScannedForEncodings = 0;
			knownRegions = (
				en,
				Base,
			);
			mainGroup = 14AD965E1B83313900F69BCA;
			productRefGroup = 14AD96681B83313900F69BCA /* Products */;
			projectDirPath = "";
			projectRoot = "";
			targets = (
				14AD96661B83313900F69BCA /* Receiver */,
				14AD96821B83313900F69BCA /* ReceiverTests */,
			);
		};
/* End PBXProject section */

/* Begin PBXResourcesBuildPhase section */
		14AD96651B83313900F69BCA /* Resources */ = {
			isa = PBXResourcesBuildPhase;
			buildActionMask = 2147483647;
			files = (
				14AD96791B83313900F69BCA /* Main.storyboard in Resources */,
				14AD967E1B83313900F69BCA /* LaunchScreen.xib in Resources */,
				14AD967B1B83313900F69BCA /* Images.xcassets in Resources */,
			);
			runOnlyForDeploymentPostprocessing = 0;
		};
		14AD96811B83313900F69BCA /* Resources */ = {
			isa = PBXResourcesBuildPhase;
			buildActionMask = 2147483647;
			files = (
			);
			runOnlyForDeploymentPostprocessing = 0;
		};
/* End PBXResourcesBuildPhase section */

/* Begin PBXSourcesBuildPhase section */
		14AD96631B83313900F69BCA /* Sources */ = {
			isa = PBXSourcesBuildPhase;
			buildActionMask = 2147483647;
			files = (
				14AD96701B83313900F69BCA /* AppDelegate.m in Sources */,
				14AD96731B83313900F69BCA /* Receiver.xcdatamodeld in Sources */,
				14AD96761B83313900F69BCA /* ViewController.m in Sources */,
				14AD966D1B83313900F69BCA /* main.m in Sources */,
			);
			runOnlyForDeploymentPostprocessing = 0;
		};
		14AD967F1B83313900F69BCA /* Sources */ = {
			isa = PBXSourcesBuildPhase;
			buildActionMask = 2147483647;
			files = (
				14AD968A1B83313900F69BCA /* ReceiverTests.m in Sources */,
			);
			runOnlyForDeploymentPostprocessing = 0;
		};
/* End PBXSourcesBuildPhase section */

/* Begin PBXTargetDependency section */
		14AD96851B83313900F69BCA /* PBXTargetDependency */ = {
			isa = PBXTargetDependency;
			target = 14AD96661B83313900F69BCA /* Receiver */;
			targetProxy = 14AD96841B83313900F69BCA /* PBXContainerItemProxy */;
		};
/* End PBXTargetDependency section */

/* Begin PBXVariantGroup section */
		14AD96771B83313900F69BCA /* Main.storyboard */ = {
			isa = PBXVariantGroup;
			children = (
				14AD96781B83313900F69BCA /* Base */,
			);
			name = Main.storyboard;
			sourceTree = "<group>";
		};
		14AD967C1B83313900F69BCA /* LaunchScreen.xib */ = {
			isa = PBXVariantGroup;
			children = (
				14AD967D1B83313900F69BCA /* Base */,
			);
			name = LaunchScreen.xib;
			sourceTree = "<group>";
		};
/* End PBXVariantGroup section */

/* Begin XCBuildConfiguration section */
		14AD968B1B83313900F69BCA /* Debug */ = {
			isa = XCBuildConfiguration;
			buildSettings = {
				ALWAYS_SEARCH_USER_PATHS = NO;
				CLANG_CXX_LANGUAGE_STANDARD = "gnu++0x";
				CLANG_CXX_LIBRARY = "libc++";
				CLANG_ENABLE_MODULES = YES;
				CLANG_ENABLE_OBJC_ARC = YES;
				CLANG_WARN_BOOL_CONVERSION = YES;
				CLANG_WARN_CONSTANT_CONVERSION = YES;
				CLANG_WARN_DIRECT_OBJC_ISA_USAGE = YES_ERROR;
				CLANG_WARN_EMPTY_BODY = YES;
				CLANG_WARN_ENUM_CONVERSION = YES;
				CLANG_WARN_INT_CONVERSION = YES;
				CLANG_WARN_OBJC_ROOT_CLASS = YES_ERROR;
				CLANG_WARN_UNREACHABLE_CODE = YES;
				CLANG_WARN__DUPLICATE_METHOD_MATCH = YES;
				"CODE_SIGN_IDENTITY[sdk=iphoneos*]" = "iPhone Developer";
				COPY_PHASE_STRIP = NO;
				DEBUG_INFORMATION_FORMAT = "dwarf-with-dsym";
				ENABLE_STRICT_OBJC_MSGSEND = YES;
				GCC_C_LANGUAGE_STANDARD = gnu99;
				GCC_DYNAMIC_NO_PIC = NO;
				GCC_NO_COMMON_BLOCKS = YES;
				GCC_OPTIMIZATION_LEVEL = 0;
				GCC_PREPROCESSOR_DEFINITIONS = (
					"DEBUG=1",
					"$(inherited)",
				);
				GCC_SYMBOLS_PRIVATE_EXTERN = NO;
				GCC_WARN_64_TO_32_BIT_CONVERSION = YES;
				GCC_WARN_ABOUT_RETURN_TYPE = YES_ERROR;
				GCC_WARN_UNDECLARED_SELECTOR = YES;
				GCC_WARN_UNINITIALIZED_AUTOS = YES_AGGRESSIVE;
				GCC_WARN_UNUSED_FUNCTION = YES;
				GCC_WARN_UNUSED_VARIABLE = YES;
				IPHONEOS_DEPLOYMENT_TARGET = 8.4;
				MTL_ENABLE_DEBUG_INFO = YES;
				ONLY_ACTIVE_ARCH = YES;
				SDKROOT = iphoneos;
			};
			name = Debug;
		};
		14AD968C1B83313900F69BCA /* Release */ = {
			isa = XCBuildConfiguration;
			buildSettings = {
				ALWAYS_SEARCH_USER_PATHS = NO;
				CLANG_CXX_LANGUAGE_STANDARD = "gnu++0x";
				CLANG_CXX_LIBRARY = "libc++";
				CLANG_ENABLE_MODULES = YES;
				CLANG_ENABLE_OBJC_ARC = YES;
				CLANG_WARN_BOOL_CONVERSION = YES;
				CLANG_WARN_CONSTANT_CONVERSION = YES;
				CLANG_WARN_DIRECT_OBJC_ISA_USAGE = YES_ERROR;
				CLANG_WARN_EMPTY_BODY = YES;
				CLANG_WARN_ENUM_CONVERSION = YES;
				CLANG_WARN_INT_CONVERSION = YES;
				CLANG_WARN_OBJC_ROOT_CLASS = YES_ERROR;
				CLANG_WARN_UNREACHABLE_CODE = YES;
				CLANG_WARN__DUPLICATE_METHOD_MATCH = YES;
				"CODE_SIGN_IDENTITY[sdk=iphoneos*]" = "iPhone Developer";
				COPY_PHASE_STRIP = NO;
				DEBUG_INFORMATION_FORMAT = "dwarf-with-dsym";
				ENABLE_NS_ASSERTIONS = NO;
				ENABLE_STRICT_OBJC_MSGSEND = YES;
				GCC_C_LANGUAGE_STANDARD = gnu99;
				GCC_NO_COMMON_BLOCKS = YES;
				GCC_WARN_64_TO_32_BIT_CONVERSION = YES;
				GCC_WARN_ABOUT_RETURN_TYPE = YES_ERROR;
				GCC_WARN_UNDECLARED_SELECTOR = YES;
				GCC_WARN_UNINITIALIZED_AUTOS = YES_AGGRESSIVE;
				GCC_WARN_UNUSED_FUNCTION = YES;
				GCC_WARN_UNUSED_VARIABLE = YES;
				IPHONEOS_DEPLOYMENT_TARGET = 8.4;
				MTL_ENABLE_DEBUG_INFO = NO;
				SDKROOT = iphoneos;
				VALIDATE_PRODUCT = YES;
			};
			name = Release;
		};
		14AD968E1B83313900F69BCA /* Debug */ = {
			isa = XCBuildConfiguration;
			buildSettings = {
				ASSETCATALOG_COMPILER_APPICON_NAME = AppIcon;
				INFOPLIST_FILE = Receiver/Info.plist;
				LD_RUNPATH_SEARCH_PATHS = "$(inherited) @executable_path/Frameworks";
				PRODUCT_NAME = "$(TARGET_NAME)";
			};
			name = Debug;
		};
		14AD968F1B83313900F69BCA /* Release */ = {
			isa = XCBuildConfiguration;
			buildSettings = {
				ASSETCATALOG_COMPILER_APPICON_NAME = AppIcon;
				INFOPLIST_FILE = Receiver/Info.plist;
				LD_RUNPATH_SEARCH_PATHS = "$(inherited) @executable_path/Frameworks";
				PRODUCT_NAME = "$(TARGET_NAME)";
			};
			name = Release;
		};
		14AD96911B83313900F69BCA /* Debug */ = {
			isa = XCBuildConfiguration;
			buildSettings = {
				BUNDLE_LOADER = "$(TEST_HOST)";
				FRAMEWORK_SEARCH_PATHS = (
					"$(SDKROOT)/Developer/Library/Frameworks",
					"$(inherited)",
				);
				GCC_PREPROCESSOR_DEFINITIONS = (
					"DEBUG=1",
					"$(inherited)",
				);
				INFOPLIST_FILE = ReceiverTests/Info.plist;
				LD_RUNPATH_SEARCH_PATHS = "$(inherited) @executable_path/Frameworks @loader_path/Frameworks";
				PRODUCT_NAME = "$(TARGET_NAME)";
				TEST_HOST = "$(BUILT_PRODUCTS_DIR)/Receiver.app/Receiver";
			};
			name = Debug;
		};
		14AD96921B83313900F69BCA /* Release */ = {
			isa = XCBuildConfiguration;
			buildSettings = {
				BUNDLE_LOADER = "$(TEST_HOST)";
				FRAMEWORK_SEARCH_PATHS = (
					"$(SDKROOT)/Developer/Library/Frameworks",
					"$(inherited)",
				);
				INFOPLIST_FILE = ReceiverTests/Info.plist;
				LD_RUNPATH_SEARCH_PATHS = "$(inherited) @executable_path/Frameworks @loader_path/Frameworks";
				PRODUCT_NAME = "$(TARGET_NAME)";
				TEST_HOST = "$(BUILT_PRODUCTS_DIR)/Receiver.app/Receiver";
			};
			name = Release;
		};
/* End XCBuildConfiguration section */

/* Begin XCConfigurationList section */
		14AD96621B83313900F69BCA /* Build configuration list for PBXProject "Receiver" */ = {
			isa = XCConfigurationList;
			buildConfigurations = (
				14AD968B1B83313900F69BCA /* Debug */,
				14AD968C1B83313900F69BCA /* Release */,
			);
			defaultConfigurationIsVisible = 0;
			defaultConfigurationName = Release;
		};
		14AD968D1B83313900F69BCA /* Build configuration list for PBXNativeTarget "Receiver" */ = {
			isa = XCConfigurationList;
			buildConfigurations = (
				14AD968E1B83313900F69BCA /* Debug */,
				14AD968F1B83313900F69BCA /* Release */,
			);
			defaultConfigurationIsVisible = 0;
			defaultConfigurationName = Release;
		};
		14AD96901B83313900F69BCA /* Build configuration list for PBXNativeTarget "ReceiverTests" */ = {
			isa = XCConfigurationList;
			buildConfigurations = (
				14AD96911B83313900F69BCA /* Debug */,
				14AD96921B83313900F69BCA /* Release */,
			);
			defaultConfigurationIsVisible = 0;
			defaultConfigurationName = Release;
		};
/* End XCConfigurationList section */

/* Begin XCVersionGroup section */
		14AD96711B83313900F69BCA /* Receiver.xcdatamodeld */ = {
			isa = XCVersionGroup;
			children = (
				14AD96721B83313900F69BCA /* Receiver.xcdatamodel */,
			);
			currentVersion = 14AD96721B83313900F69BCA /* Receiver.xcdatamodel */;
			path = Receiver.xcdatamodeld;
			sourceTree = "<group>";
			versionGroupType = wrapper.xcdatamodel;
		};
/* End XCVersionGroup section */
	};
	rootObject = 14AD965F1B83313900F69BCA /* Project object */;
}
